
Microsoft Visual Studio Solution File, Format Version 12.00
# Visual Studio 15
VisualStudioVersion = 15.0.28010.2016
MinimumVisualStudioVersion = 10.0.40219.1
Project("{FAE04EC0-301F-11D3-BF4B-00C04F79EFBC}") = "TestWebApplication", "TestWebApplication\TestWebApplication.csproj", "{BF1A5D7F-A7BC-4E3E-BF1C-17035BA43574}"
EndProject
Global
	GlobalSection(SolutionConfigurationPlatforms) = preSolution
		Debug|Any CPU = Debug|Any CPU
		Release|Any CPU = Release|Any CPU
	EndGlobalSection
	GlobalSection(ProjectConfigurationPlatforms) = postSolution
		{BF1A5D7F-A7BC-4E3E-BF1C-17035BA43574}.Debug|Any CPU.ActiveCfg = Debug|Any CPU
		{BF1A5D7F-A7BC-4E3E-BF1C-17035BA43574}.Debug|Any CPU.Build.0 = Debug|Any CPU
		{BF1A5D7F-A7BC-4E3E-BF1C-17035BA43574}.Release|Any CPU.ActiveCfg = Release|Any CPU
		{BF1A5D7F-A7BC-4E3E-BF1C-17035BA43574}.Release|Any CPU.Build.0 = Release|Any CPU
	EndGlobalSection
	GlobalSection(SolutionProperties) = preSolution
		HideSolutionNode = FALSE
	EndGlobalSection
	GlobalSection(ExtensibilityGlobals) = postSolution
		SolutionGuid = {C54AD427-A2A4-4041-A9A3-6C5D417552D8}
	EndGlobalSection
EndGlobal
